<?xml version="1.0" encoding="utf-8"?>
<Project ToolsVersion="4.0" xmlns="http://schemas.microsoft.com/developer/msbuild/2003">
  <ItemGroup>
    <Filter Include="Source Files">
      <UniqueIdentifier>{4FC737F1-C7A5-4376-A066-2A32D752A2FF}</UniqueIdentifier>
      <Extensions>cpp;c;cc;cxx;def;odl;idl;hpj;bat;asm;asmx</Extensions>
    </Filter>
    <Filter Include="Header Files">
      <UniqueIdentifier>{93995380-89BD-4b04-88EB-625FBE52EBFB}</UniqueIdentifier>
      <Extensions>h;hh;hpp;hxx;hm;inl;inc;xsd</Extensions>
    </Filter>
    <Filter Include="Resource Files">
      <UniqueIdentifier>{67DA6AB6-F800-4c08-8B7A-83BB121AAD01}</UniqueIdentifier>
      <Extensions>rc;ico;cur;bmp;dlg;rc2;rct;bin;rgs;gif;jpg;jpeg;jpe;resx;tiff;tif;png;wav</Extensions>
    </Filter>
  </ItemGroup>
  <ItemGroup>
    <ClCompile Include="src\basicio.c">
      <Filter>Source Files</Filter>
    </ClCompile>
    <ClCompile Include="src\bitvector.c">
      <Filter>Source Files</Filter>
    </ClCompile>
    <ClCompile Include="src\bobject.c">
      <Filter>Source Files</Filter>
    </ClCompile>
    <ClCompile Include="src\buffer.c">
      <Filter>Source Files</Filter>
    </ClCompile>
    <ClCompile Include="src\cache.c">
      <Filter>Source Files</Filter>
    </ClCompile>
    <ClCompile Include="src\controlflow.c">
      <Filter>Source Files</Filter>
    </ClCompile>
    <ClCompile Include="src\errors.c">
      <Filter>Source Files</Filter>
    </ClCompile>
    <ClCompile Include="src\eval.c">
      <Filter>Source Files</Filter>
    </ClCompile>
    <ClCompile Include="src\events.c">
      <Filter>Source Files</Filter>
    </ClCompile>
    <ClCompile Include="src\functions.c">
      <Filter>Source Files</Filter>
    </ClCompile>
    <ClCompile Include="src\gui.c">
      <Filter>Source Files</Filter>
    </ClCompile>
    <ClCompile Include="src\hashtable.c">
      <Filter>Source Files</Filter>
    </ClCompile>
    <ClCompile Include="src\heap.c">
      <Filter>Source Files</Filter>
    </ClCompile>
    <ClCompile Include="src\io.c">
      <Filter>Source Files</Filter>
    </ClCompile>
    <ClCompile Include="src\label.c">
      <Filter>Source Files</Filter>
    </ClCompile>
    <ClCompile Include="src\lexer.c">
      <Filter>Source Files</Filter>
    </ClCompile>
    <ClCompile Include="src\main.c">
      <Filter>Source Files</Filter>
    </ClCompile>
    <ClCompile Include="src\operators.c">
      <Filter>Source Files</Filter>
    </ClCompile>
    <ClCompile Include="src\options.c">
      <Filter>Source Files</Filter>
    </ClCompile>
    <ClCompile Include="src\pit.c">
      <Filter>Source Files</Filter>
    </ClCompile>
    <ClCompile Include="src\platform_amiga.c">
      <Filter>Source Files</Filter>
    </ClCompile>
    <ClCompile Include="src\platform_generic.c">
      <Filter>Source Files</Filter>
    </ClCompile>
    <ClCompile Include="src\platform_mingw.c">
      <Filter>Source Files</Filter>
    </ClCompile>
    <ClCompile Include="src\platform_msvc.c">
      <Filter>Source Files</Filter>
    </ClCompile>
    <ClCompile Include="src\process.c">
      <Filter>Source Files</Filter>
    </ClCompile>
    <ClCompile Include="src\profile.c">
      <Filter>Source Files</Filter>
    </ClCompile>
    <ClCompile Include="src\punctuation.c">
      <Filter>Source Files</Filter>
    </ClCompile>
    <ClCompile Include="src\qstring.c">
      <Filter>Source Files</Filter>
    </ClCompile>
    <ClCompile Include="src\repl.c">
      <Filter>Source Files</Filter>
    </ClCompile>
    <ClCompile Include="src\scalar.c">
      <Filter>Source Files</Filter>
    </ClCompile>
    <ClCompile Include="src\semantics.c">
      <Filter>Source Files</Filter>
    </ClCompile>
    <ClCompile Include="src\stack.c">
      <Filter>Source Files</Filter>
    </ClCompile>
    <ClCompile Include="src\statements.c">
      <Filter>Source Files</Filter>
    </ClCompile>
    <ClCompile Include="src\subs.c">
      <Filter>Source Files</Filter>
    </ClCompile>
    <ClCompile Include="src\sugar.c">
      <Filter>Source Files</Filter>
    </ClCompile>
    <ClCompile Include="src\symtab.c">
      <Filter>Source Files</Filter>
    </ClCompile>
    <ClCompile Include="src\syntax.c">
      <Filter>Source Files</Filter>
    </ClCompile>
    <ClCompile Include="src\vars.c">
      <Filter>Source Files</Filter>
    </ClCompile>
    <ClCompile Include="src\audio.c">
      <Filter>Source Files</Filter>
    </ClCompile>
    <ClCompile Include="src\loader.c">
      <Filter>Source Files</Filter>
    </ClCompile>
  </ItemGroup>
  <ItemGroup>
    <ClInclude Include="src\basicio.h">
      <Filter>Header Files</Filter>
    </ClInclude>
    <ClInclude Include="src\bitvector.h">
      <Filter>Header Files</Filter>
    </ClInclude>
    <ClInclude Include="src\buffer.h">
      <Filter>Header Files</Filter>
    </ClInclude>
    <ClInclude Include="src\builtin.h">
      <Filter>Header Files</Filter>
    </ClInclude>
    <ClInclude Include="src\cache.h">
      <Filter>Header Files</Filter>
    </ClInclude>
    <ClInclude Include="src\common.h">
      <Filter>Header Files</Filter>
    </ClInclude>
    <ClInclude Include="src\cqueue.h">
      <Filter>Header Files</Filter>
    </ClInclude>
    <ClInclude Include="src\errors.h">
      <Filter>Header Files</Filter>
    </ClInclude>
    <ClInclude Include="src\gui_amiga.h">
      <Filter>Header Files</Filter>
    </ClInclude>
    <ClInclude Include="src\gui_generic.h">
      <Filter>Header Files</Filter>
    </ClInclude>
    <ClInclude Include="src\hashtable.h">
      <Filter>Header Files</Filter>
    </ClInclude>
    <ClInclude Include="src\heap.h">
      <Filter>Header Files</Filter>
    </ClInclude>
    <ClInclude Include="src\interpreter.h">
      <Filter>Header Files</Filter>
    </ClInclude>
    <ClInclude Include="src\options.h">
      <Filter>Header Files</Filter>
    </ClInclude>
    <ClInclude Include="src\platform.h">
      <Filter>Header Files</Filter>
    </ClInclude>
    <ClInclude Include="src\platform_amiga_private.h">
      <Filter>Header Files</Filter>
    </ClInclude>
    <ClInclude Include="src\platform_generic_private.h">
      <Filter>Header Files</Filter>
    </ClInclude>
    <ClInclude Include="src\platform_mingw_private.h">
      <Filter>Header Files</Filter>
    </ClInclude>
    <ClInclude Include="src\platform_msvc_private.h">
      <Filter>Header Files</Filter>
    </ClInclude>
    <ClInclude Include="src\process.h">
      <Filter>Header Files</Filter>
    </ClInclude>
    <ClInclude Include="src\qstring.h">
      <Filter>Header Files</Filter>
    </ClInclude>
    <ClInclude Include="src\sign.h">
      <Filter>Header Files</Filter>
    </ClInclude>
    <ClInclude Include="src\stack.h">
      <Filter>Header Files</Filter>
    </ClInclude>
    <ClInclude Include="src\stmtcache.h">
      <Filter>Header Files</Filter>
    </ClInclude>
    <ClInclude Include="src\audio.h">
      <Filter>Header Files</Filter>
    </ClInclude>
  </ItemGroup>
</Project>